// !$*UTF8*$!
{
	archiveVersion = 1;
	classes = {
	};
	objectVersion = 50;
	objects = {

/* Begin PBXBuildFile section */
		D13D9DC726DD735700E5EB53 /* TodoItem+CoreDataClass.swift in Sources */ = {isa = PBXBuildFile; fileRef = D13D9DC526DD735700E5EB53 /* TodoItem+CoreDataClass.swift */; };
		D13D9DC826DD735700E5EB53 /* TodoItem+CoreDataProperties.swift in Sources */ = {isa = PBXBuildFile; fileRef = D13D9DC626DD735700E5EB53 /* TodoItem+CoreDataProperties.swift */; };
		D147DFF026DCA55000D5B955 /* AppDelegate.swift in Sources */ = {isa = PBXBuildFile; fileRef = D147DFEF26DCA55000D5B955 /* AppDelegate.swift */; };
		D147DFF226DCA55000D5B955 /* SceneDelegate.swift in Sources */ = {isa = PBXBuildFile; fileRef = D147DFF126DCA55000D5B955 /* SceneDelegate.swift */; };
		D147DFF426DCA55000D5B955 /* ViewController.swift in Sources */ = {isa = PBXBuildFile; fileRef = D147DFF326DCA55000D5B955 /* ViewController.swift */; };
		D147DFF726DCA55000D5B955 /* Main.storyboard in Resources */ = {isa = PBXBuildFile; fileRef = D147DFF526DCA55000D5B955 /* Main.storyboard */; };
		D147DFFA26DCA55000D5B955 /* TodoList.xcdatamodeld in Sources */ = {isa = PBXBuildFile; fileRef = D147DFF826DCA55000D5B955 /* TodoList.xcdatamodeld */; };
		D147DFFC26DCA55100D5B955 /* Assets.xcassets in Resources */ = {isa = PBXBuildFile; fileRef = D147DFFB26DCA55100D5B955 /* Assets.xcassets */; };
		D147DFFF26DCA55100D5B955 /* LaunchScreen.storyboard in Resources */ = {isa = PBXBuildFile; fileRef = D147DFFD26DCA55100D5B955 /* LaunchScreen.storyboard */; };
		D147E00A26DCAB0D00D5B955 /* BackgroundGradient.swift in Sources */ = {isa = PBXBuildFile; fileRef = D147E00926DCAB0D00D5B955 /* BackgroundGradient.swift */; };
		D147E00D26DCB4F000D5B955 /* GradientButton.swift in Sources */ = {isa = PBXBuildFile; fileRef = D147E00C26DCB4F000D5B955 /* GradientButton.swift */; };
		D1CF804626DD981B0027BE0A /* ToDoListController.swift in Sources */ = {isa = PBXBuildFile; fileRef = D1CF804526DD981B0027BE0A /* ToDoListController.swift */; };
		D1CF804C26DE22910027BE0A /* APIViewController.swift in Sources */ = {isa = PBXBuildFile; fileRef = D1CF804B26DE22910027BE0A /* APIViewController.swift */; };
/* End PBXBuildFile section */

/* Begin PBXFileReference section */
		D13D9DC526DD735700E5EB53 /* TodoItem+CoreDataClass.swift */ = {isa = PBXFileReference; lastKnownFileType = sourcecode.swift; path = "TodoItem+CoreDataClass.swift"; sourceTree = "<group>"; };
		D13D9DC626DD735700E5EB53 /* TodoItem+CoreDataProperties.swift */ = {isa = PBXFileReference; lastKnownFileType = sourcecode.swift; path = "TodoItem+CoreDataProperties.swift"; sourceTree = "<group>"; };
		D147DFEC26DCA55000D5B955 /* TodoList.app */ = {isa = PBXFileReference; explicitFileType = wrapper.application; includeInIndex = 0; path = TodoList.app; sourceTree = BUILT_PRODUCTS_DIR; };
		D147DFEF26DCA55000D5B955 /* AppDelegate.swift */ = {isa = PBXFileReference; lastKnownFileType = sourcecode.swift; path = AppDelegate.swift; sourceTree = "<group>"; };
		D147DFF126DCA55000D5B955 /* SceneDelegate.swift */ = {isa = PBXFileReference; lastKnownFileType = sourcecode.swift; path = SceneDelegate.swift; sourceTree = "<group>"; };
		D147DFF326DCA55000D5B955 /* ViewController.swift */ = {isa = PBXFileReference; lastKnownFileType = sourcecode.swift; path = ViewController.swift; sourceTree = "<group>"; };
		D147DFF626DCA55000D5B955 /* Base */ = {isa = PBXFileReference; lastKnownFileType = file.storyboard; name = Base; path = Base.lproj/Main.storyboard; sourceTree = "<group>"; };
		D147DFF926DCA55000D5B955 /* TodoList.xcdatamodel */ = {isa = PBXFileReference; lastKnownFileType = wrapper.xcdatamodel; path = TodoList.xcdatamodel; sourceTree = "<group>"; };
		D147DFFB26DCA55100D5B955 /* Assets.xcassets */ = {isa = PBXFileReference; lastKnownFileType = folder.assetcatalog; path = Assets.xcassets; sourceTree = "<group>"; };
		D147DFFE26DCA55100D5B955 /* Base */ = {isa = PBXFileReference; lastKnownFileType = file.storyboard; name = Base; path = Base.lproj/LaunchScreen.storyboard; sourceTree = "<group>"; };
		D147E00026DCA55100D5B955 /* Info.plist */ = {isa = PBXFileReference; lastKnownFileType = text.plist.xml; path = Info.plist; sourceTree = "<group>"; };
		D147E00926DCAB0D00D5B955 /* BackgroundGradient.swift */ = {isa = PBXFileReference; lastKnownFileType = sourcecode.swift; path = BackgroundGradient.swift; sourceTree = "<group>"; };
		D147E00C26DCB4F000D5B955 /* GradientButton.swift */ = {isa = PBXFileReference; lastKnownFileType = sourcecode.swift; path = GradientButton.swift; sourceTree = "<group>"; };
		D1CF804526DD981B0027BE0A /* ToDoListController.swift */ = {isa = PBXFileReference; lastKnownFileType = sourcecode.swift; path = ToDoListController.swift; sourceTree = "<group>"; };
		D1CF804B26DE22910027BE0A /* APIViewController.swift */ = {isa = PBXFileReference; lastKnownFileType = sourcecode.swift; path = APIViewController.swift; sourceTree = "<group>"; };
/* End PBXFileReference section */

/* Begin PBXFrameworksBuildPhase section */
		D147DFE926DCA55000D5B955 /* Frameworks */ = {
			isa = PBXFrameworksBuildPhase;
			buildActionMask = 2147483647;
			files = (
			);
			runOnlyForDeploymentPostprocessing = 0;
		};
/* End PBXFrameworksBuildPhase section */

/* Begin PBXGroup section */
		D13D9DCB26DD735E00E5EB53 /* Models */ = {
			isa = PBXGroup;
			children = (
				D13D9DC626DD735700E5EB53 /* TodoItem+CoreDataProperties.swift */,
				D13D9DC526DD735700E5EB53 /* TodoItem+CoreDataClass.swift */,
			);
			path = Models;
			sourceTree = "<group>";
		};
		D147DFE326DCA55000D5B955 = {
			isa = PBXGroup;
			children = (
				D147DFEE26DCA55000D5B955 /* TodoList */,
				D147DFED26DCA55000D5B955 /* Products */,
			);
			sourceTree = "<group>";
		};
		D147DFED26DCA55000D5B955 /* Products */ = {
			isa = PBXGroup;
			children = (
				D147DFEC26DCA55000D5B955 /* TodoList.app */,
			);
			name = Products;
			sourceTree = "<group>";
		};
		D147DFEE26DCA55000D5B955 /* TodoList */ = {
			isa = PBXGroup;
			children = (
				D1CF804426DD97F10027BE0A /* Controllers */,
				D13D9DCB26DD735E00E5EB53 /* Models */,
				D147E00826DCAB0200D5B955 /* Styling */,
				D147DFEF26DCA55000D5B955 /* AppDelegate.swift */,
				D147DFF126DCA55000D5B955 /* SceneDelegate.swift */,
				D147DFF326DCA55000D5B955 /* ViewController.swift */,
				D147DFF526DCA55000D5B955 /* Main.storyboard */,
				D147DFFB26DCA55100D5B955 /* Assets.xcassets */,
				D147DFFD26DCA55100D5B955 /* LaunchScreen.storyboard */,
				D147E00026DCA55100D5B955 /* Info.plist */,
				D147DFF826DCA55000D5B955 /* TodoList.xcdatamodeld */,
			);
			path = TodoList;
			sourceTree = "<group>";
		};
		D147E00826DCAB0200D5B955 /* Styling */ = {
			isa = PBXGroup;
			children = (
				D147E00926DCAB0D00D5B955 /* BackgroundGradient.swift */,
				D147E00C26DCB4F000D5B955 /* GradientButton.swift */,
			);
			path = Styling;
			sourceTree = "<group>";
		};
		D1CF804426DD97F10027BE0A /* Controllers */ = {
			isa = PBXGroup;
			children = (
				D1CF804526DD981B0027BE0A /* ToDoListController.swift */,
				D1CF804B26DE22910027BE0A /* APIViewController.swift */,
			);
			path = Controllers;
			sourceTree = "<group>";
		};
/* End PBXGroup section */

/* Begin PBXNativeTarget section */
		D147DFEB26DCA55000D5B955 /* TodoList */ = {
			isa = PBXNativeTarget;
			buildConfigurationList = D147E00326DCA55100D5B955 /* Build configuration list for PBXNativeTarget "TodoList" */;
			buildPhases = (
				D147DFE826DCA55000D5B955 /* Sources */,
				D147DFE926DCA55000D5B955 /* Frameworks */,
				D147DFEA26DCA55000D5B955 /* Resources */,
			);
			buildRules = (
			);
			dependencies = (
			);
			name = TodoList;
			productName = TodoList;
			productReference = D147DFEC26DCA55000D5B955 /* TodoList.app */;
			productType = "com.apple.product-type.application";
		};
/* End PBXNativeTarget section */

/* Begin PBXProject section */
		D147DFE426DCA55000D5B955 /* Project object */ = {
			isa = PBXProject;
			attributes = {
				LastSwiftUpdateCheck = 1240;
				LastUpgradeCheck = 1240;
				TargetAttributes = {
					D147DFEB26DCA55000D5B955 = {
						CreatedOnToolsVersion = 12.4;
					};
				};
			};
			buildConfigurationList = D147DFE726DCA55000D5B955 /* Build configuration list for PBXProject "TodoList" */;
			compatibilityVersion = "Xcode 9.3";
			developmentRegion = en;
			hasScannedForEncodings = 0;
			knownRegions = (
				en,
				Base,
			);
			mainGroup = D147DFE326DCA55000D5B955;
			productRefGroup = D147DFED26DCA55000D5B955 /* Products */;
			projectDirPath = "";
			projectRoot = "";
			targets = (
				D147DFEB26DCA55000D5B955 /* TodoList */,
			);
		};
/* End PBXProject section */

/* Begin PBXResourcesBuildPhase section */
		D147DFEA26DCA55000D5B955 /* Resources */ = {
			isa = PBXResourcesBuildPhase;
			buildActionMask = 2147483647;
			files = (
				D147DFFF26DCA55100D5B955 /* LaunchScreen.storyboard in Resources */,
				D147DFFC26DCA55100D5B955 /* Assets.xcassets in Resources */,
				D147DFF726DCA55000D5B955 /* Main.storyboard in Resources */,
			);
			runOnlyForDeploymentPostprocessing = 0;
		};
/* End PBXResourcesBuildPhase section */

/* Begin PBXSourcesBuildPhase section */
		D147DFE826DCA55000D5B955 /* Sources */ = {
			isa = PBXSourcesBuildPhase;
			buildActionMask = 2147483647;
			files = (
				D1CF804626DD981B0027BE0A /* ToDoListController.swift in Sources */,
				D147DFF426DCA55000D5B955 /* ViewController.swift in Sources */,
				D147E00D26DCB4F000D5B955 /* GradientButton.swift in Sources */,
				D147E00A26DCAB0D00D5B955 /* BackgroundGradient.swift in Sources */,
				D147DFF026DCA55000D5B955 /* AppDelegate.swift in Sources */,
				D13D9DC826DD735700E5EB53 /* TodoItem+CoreDataProperties.swift in Sources */,
				D13D9DC726DD735700E5EB53 /* TodoItem+CoreDataClass.swift in Sources */,
				D1CF804C26DE22910027BE0A /* APIViewController.swift in Sources */,
				D147DFF226DCA55000D5B955 /* SceneDelegate.swift in Sources */,
				D147DFFA26DCA55000D5B955 /* TodoList.xcdatamodeld in Sources */,
			);
			runOnlyForDeploymentPostprocessing = 0;
		};
/* End PBXSourcesBuildPhase section */

/* Begin PBXVariantGroup section */
		D147DFF526DCA55000D5B955 /* Main.storyboard */ = {
			isa = PBXVariantGroup;
			children = (
				D147DFF626DCA55000D5B955 /* Base */,
			);
			name = Main.storyboard;
			sourceTree = "<group>";
		};
		D147DFFD26DCA55100D5B955 /* LaunchScreen.storyboard */ = {
			isa = PBXVariantGroup;
			children = (
				D147DFFE26DCA55100D5B955 /* Base */,
			);
			name = LaunchScreen.storyboard;
			sourceTree = "<group>";
		};
/* End PBXVariantGroup section */

/* Begin XCBuildConfiguration section */
		D147E00126DCA55100D5B955 /* Debug */ = {
			isa = XCBuildConfiguration;
			buildSettings = {
				ALWAYS_SEARCH_USER_PATHS = NO;
				CLANG_ANALYZER_NONNULL = YES;
				CLANG_ANALYZER_NUMBER_OBJECT_CONVERSION = YES_AGGRESSIVE;
				CLANG_CXX_LANGUAGE_STANDARD = "gnu++14";
				CLANG_CXX_LIBRARY = "libc++";
				CLANG_ENABLE_MODULES = YES;
				CLANG_ENABLE_OBJC_ARC = YES;
				CLANG_ENABLE_OBJC_WEAK = YES;
				CLANG_WARN_BLOCK_CAPTURE_AUTORELEASING = YES;
				CLANG_WARN_BOOL_CONVERSION = YES;
				CLANG_WARN_COMMA = YES;
				CLANG_WARN_CONSTANT_CONVERSION = YES;
				CLANG_WARN_DEPRECATED_OBJC_IMPLEMENTATIONS = YES;
				CLANG_WARN_DIRECT_OBJC_ISA_USAGE = YES_ERROR;
				CLANG_WARN_DOCUMENTATION_COMMENTS = YES;
				CLANG_WARN_EMPTY_BODY = YES;
				CLANG_WARN_ENUM_CONVERSION = YES;
				CLANG_WARN_INFINITE_RECURSION = YES;
				CLANG_WARN_INT_CONVERSION = YES;
				CLANG_WARN_NON_LITERAL_NULL_CONVERSION = YES;
				CLANG_WARN_OBJC_IMPLICIT_RETAIN_SELF = YES;
				CLANG_WARN_OBJC_LITERAL_CONVERSION = YES;
				CLANG_WARN_OBJC_ROOT_CLASS = YES_ERROR;
				CLANG_WARN_QUOTED_INCLUDE_IN_FRAMEWORK_HEADER = YES;
				CLANG_WARN_RANGE_LOOP_ANALYSIS = YES;
				CLANG_WARN_STRICT_PROTOTYPES = YES;
				CLANG_WARN_SUSPICIOUS_MOVE = YES;
				CLANG_WARN_UNGUARDED_AVAILABILITY = YES_AGGRESSIVE;
				CLANG_WARN_UNREACHABLE_CODE = YES;
				CLANG_WARN__DUPLICATE_METHOD_MATCH = YES;
				COPY_PHASE_STRIP = NO;
				DEBUG_INFORMATION_FORMAT = dwarf;
				ENABLE_STRICT_OBJC_MSGSEND = YES;
				ENABLE_TESTABILITY = YES;
				GCC_C_LANGUAGE_STANDARD = gnu11;
				GCC_DYNAMIC_NO_PIC = NO;
				GCC_NO_COMMON_BLOCKS = YES;
				GCC_OPTIMIZATION_LEVEL = 0;
				GCC_PREPROCESSOR_DEFINITIONS = (
					"DEBUG=1",
					"$(inherited)",
				);
				GCC_WARN_64_TO_32_BIT_CONVERSION = YES;
				GCC_WARN_ABOUT_RETURN_TYPE = YES_ERROR;
				GCC_WARN_UNDECLARED_SELECTOR = YES;
				GCC_WARN_UNINITIALIZED_AUTOS = YES_AGGRESSIVE;
				GCC_WARN_UNUSED_FUNCTION = YES;
				GCC_WARN_UNUSED_VARIABLE = YES;
				IPHONEOS_DEPLOYMENT_TARGET = 14.4;
				MTL_ENABLE_DEBUG_INFO = INCLUDE_SOURCE;
				MTL_FAST_MATH = YES;
				ONLY_ACTIVE_ARCH = YES;
				SDKROOT = iphoneos;
				SWIFT_ACTIVE_COMPILATION_CONDITIONS = DEBUG;
				SWIFT_OPTIMIZATION_LEVEL = "-Onone";
			};
			name = Debug;
		};
		D147E00226DCA55100D5B955 /* Release */ = {
			isa = XCBuildConfiguration;
			buildSettings = {
				ALWAYS_SEARCH_USER_PATHS = NO;
				CLANG_ANALYZER_NONNULL = YES;
				CLANG_ANALYZER_NUMBER_OBJECT_CONVERSION = YES_AGGRESSIVE;
				CLANG_CXX_LANGUAGE_STANDARD = "gnu++14";
				CLANG_CXX_LIBRARY = "libc++";
				CLANG_ENABLE_MODULES = YES;
				CLANG_ENABLE_OBJC_ARC = YES;
				CLANG_ENABLE_OBJC_WEAK = YES;
				CLANG_WARN_BLOCK_CAPTURE_AUTORELEASING = YES;
				CLANG_WARN_BOOL_CONVERSION = YES;
				CLANG_WARN_COMMA = YES;
				CLANG_WARN_CONSTANT_CONVERSION = YES;
				CLANG_WARN_DEPRECATED_OBJC_IMPLEMENTATIONS = YES;
				CLANG_WARN_DIRECT_OBJC_ISA_USAGE = YES_ERROR;
				CLANG_WARN_DOCUMENTATION_COMMENTS = YES;
				CLANG_WARN_EMPTY_BODY = YES;
				CLANG_WARN_ENUM_CONVERSION = YES;
				CLANG_WARN_INFINITE_RECURSION = YES;
				CLANG_WARN_INT_CONVERSION = YES;
				CLANG_WARN_NON_LITERAL_NULL_CONVERSION = YES;
				CLANG_WARN_OBJC_IMPLICIT_RETAIN_SELF = YES;
				CLANG_WARN_OBJC_LITERAL_CONVERSION = YES;
				CLANG_WARN_OBJC_ROOT_CLASS = YES_ERROR;
				CLANG_WARN_QUOTED_INCLUDE_IN_FRAMEWORK_HEADER = YES;
				CLANG_WARN_RANGE_LOOP_ANALYSIS = YES;
				CLANG_WARN_STRICT_PROTOTYPES = YES;
				CLANG_WARN_SUSPICIOUS_MOVE = YES;
				CLANG_WARN_UNGUARDED_AVAILABILITY = YES_AGGRESSIVE;
				CLANG_WARN_UNREACHABLE_CODE = YES;
				CLANG_WARN__DUPLICATE_METHOD_MATCH = YES;
				COPY_PHASE_STRIP = NO;
				DEBUG_INFORMATION_FORMAT = "dwarf-with-dsym";
				ENABLE_NS_ASSERTIONS = NO;
				ENABLE_STRICT_OBJC_MSGSEND = YES;
				GCC_C_LANGUAGE_STANDARD = gnu11;
				GCC_NO_COMMON_BLOCKS = YES;
				GCC_WARN_64_TO_32_BIT_CONVERSION = YES;
				GCC_WARN_ABOUT_RETURN_TYPE = YES_ERROR;
				GCC_WARN_UNDECLARED_SELECTOR = YES;
				GCC_WARN_UNINITIALIZED_AUTOS = YES_AGGRESSIVE;
				GCC_WARN_UNUSED_FUNCTION = YES;
				GCC_WARN_UNUSED_VARIABLE = YES;
				IPHONEOS_DEPLOYMENT_TARGET = 14.4;
				MTL_ENABLE_DEBUG_INFO = NO;
				MTL_FAST_MATH = YES;
				SDKROOT = iphoneos;
				SWIFT_COMPILATION_MODE = wholemodule;
				SWIFT_OPTIMIZATION_LEVEL = "-O";
				VALIDATE_PRODUCT = YES;
			};
			name = Release;
		};
		D147E00426DCA55100D5B955 /* Debug */ = {
			isa = XCBuildConfiguration;
			buildSettings = {
				ASSETCATALOG_COMPILER_APPICON_NAME = AppIcon;
				ASSETCATALOG_COMPILER_GLOBAL_ACCENT_COLOR_NAME = AccentColor;
				CODE_SIGN_STYLE = Automatic;
				DEVELOPMENT_TEAM = SUK6T2MVTS;
				INFOPLIST_FILE = TodoList/Info.plist;
				LD_RUNPATH_SEARCH_PATHS = (
					"$(inherited)",
					"@executable_path/Frameworks",
				);
				PRODUCT_BUNDLE_IDENTIFIER = com.tanner.TodoList;
				PRODUCT_NAME = "$(TARGET_NAME)";
				SWIFT_VERSION = 5.0;
				TARGETED_DEVICE_FAMILY = "1,2";
			};
			name = Debug;
		};
		D147E00526DCA55100D5B955 /* Release */ = {
			isa = XCBuildConfiguration;
			buildSettings = {
				ASSETCATALOG_COMPILER_APPICON_NAME = AppIcon;
				ASSETCATALOG_COMPILER_GLOBAL_ACCENT_COLOR_NAME = AccentColor;
				CODE_SIGN_STYLE = Automatic;
				DEVELOPMENT_TEAM = SUK6T2MVTS;
				INFOPLIST_FILE = TodoList/Info.plist;
				LD_RUNPATH_SEARCH_PATHS = (
					"$(inherited)",
					"@executable_path/Frameworks",
				);
				PRODUCT_BUNDLE_IDENTIFIER = com.tanner.TodoList;
				PRODUCT_NAME = "$(TARGET_NAME)";
				SWIFT_VERSION = 5.0;
				TARGETED_DEVICE_FAMILY = "1,2";
			};
			name = Release;
		};
/* End XCBuildConfiguration section */

/* Begin XCConfigurationList section */
		D147DFE726DCA55000D5B955 /* Build configuration list for PBXProject "TodoList" */ = {
			isa = XCConfigurationList;
			buildConfigurations = (
				D147E00126DCA55100D5B955 /* Debug */,
				D147E00226DCA55100D5B955 /* Release */,
			);
			defaultConfigurationIsVisible = 0;
			defaultConfigurationName = Release;
		};
		D147E00326DCA55100D5B955 /* Build configuration list for PBXNativeTarget "TodoList" */ = {
			isa = XCConfigurationList;
			buildConfigurations = (
				D147E00426DCA55100D5B955 /* Debug */,
				D147E00526DCA55100D5B955 /* Release */,
			);
			defaultConfigurationIsVisible = 0;
			defaultConfigurationName = Release;
		};
/* End XCConfigurationList section */

/* Begin XCVersionGroup section */
		D147DFF826DCA55000D5B955 /* TodoList.xcdatamodeld */ = {
			isa = XCVersionGroup;
			children = (
				D147DFF926DCA55000D5B955 /* TodoList.xcdatamodel */,
			);
			currentVersion = D147DFF926DCA55000D5B955 /* TodoList.xcdatamodel */;
			path = TodoList.xcdatamodeld;
			sourceTree = "<group>";
			versionGroupType = wrapper.xcdatamodel;
		};
/* End XCVersionGroup section */
	};
	rootObject = D147DFE426DCA55000D5B955 /* Project object */;
}
